
Microsoft Visual Studio Solution File, Format Version 12.00
# Visual Studio Version 16
VisualStudioVersion = 16.0.32002.261
MinimumVisualStudioVersion = 10.0.40219.1
Project("{FAE04EC0-301F-11D3-BF4B-00C04F79EFBC}") = "ChessCreation", "ChessCreation\ChessCreation.csproj", "{F710B1E2-B593-4609-97DD-70AF7B753165}"
EndProject
Global
	GlobalSection(SolutionConfigurationPlatforms) = preSolution
		Debug|Any CPU = Debug|Any CPU
		Release|Any CPU = Release|Any CPU
	EndGlobalSection
	GlobalSection(ProjectConfigurationPlatforms) = postSolution
		{F710B1E2-B593-4609-97DD-70AF7B753165}.Debug|Any CPU.ActiveCfg = Debug|Any CPU
		{F710B1E2-B593-4609-97DD-70AF7B753165}.Debug|Any CPU.Build.0 = Debug|Any CPU
		{F710B1E2-B593-4609-97DD-70AF7B753165}.Release|Any CPU.ActiveCfg = Release|Any CPU
		{F710B1E2-B593-4609-97DD-70AF7B753165}.Release|Any CPU.Build.0 = Release|Any CPU
	EndGlobalSection
	GlobalSection(SolutionProperties) = preSolution
		HideSolutionNode = FALSE
	EndGlobalSection
	GlobalSection(ExtensibilityGlobals) = postSolution
		SolutionGuid = {A1D44928-0A95-472F-AEF6-0B14D1DEF15A}
	EndGlobalSection
EndGlobal
